Microsoft Visual Studio Solution File, Format Version 12.00
# Visual Studio Version 17
VisualStudioVersion = 17.5.2.0
MinimumVisualStudioVersion = 10.0.40219.1
Project("{FAE04EC0-301F-11D3-BF4B-00C04F79EFBC}") = "Sistema de Gestion de Productos", "Sistema de Gestion de Productos.csproj", "{185279AD-3699-460B-09EE-120DF290420D}"
EndProject
Global
	GlobalSection(SolutionConfigurationPlatforms) = preSolution
		Debug|Any CPU = Debug|Any CPU
		Release|Any CPU = Release|Any CPU
	EndGlobalSection
	GlobalSection(ProjectConfigurationPlatforms) = postSolution
		{185279AD-3699-460B-09EE-120DF290420D}.Debug|Any CPU.ActiveCfg = Debug|Any CPU
		{185279AD-3699-460B-09EE-120DF290420D}.Debug|Any CPU.Build.0 = Debug|Any CPU
		{185279AD-3699-460B-09EE-120DF290420D}.Release|Any CPU.ActiveCfg = Release|Any CPU
		{185279AD-3699-460B-09EE-120DF290420D}.Release|Any CPU.Build.0 = Release|Any CPU
	EndGlobalSection
	GlobalSection(SolutionProperties) = preSolution
		HideSolutionNode = FALSE
	EndGlobalSection
	GlobalSection(ExtensibilityGlobals) = postSolution
		SolutionGuid = {A8EDBB56-D9EA-424F-A05C-BBBD94EB485B}
	EndGlobalSection
EndGlobal
